
Microsoft Visual Studio Solution File, Format Version 12.00
# Visual Studio Version 16
VisualStudioVersion = 16.0.29411.108
MinimumVisualStudioVersion = 10.0.40219.1
Project("{FAE04EC0-301F-11D3-BF4B-00C04F79EFBC}") = "print_args", "print_args.csproj", "{00309AF9-A0A8-45C1-AD5D-02C22DA8FCA3}"
EndProject
Global
	GlobalSection(SolutionConfigurationPlatforms) = preSolution
		Debug|Any CPU = Debug|Any CPU
		Release|Any CPU = Release|Any CPU
	EndGlobalSection
	GlobalSection(ProjectConfigurationPlatforms) = postSolution
		{00309AF9-A0A8-45C1-AD5D-02C22DA8FCA3}.Debug|Any CPU.ActiveCfg = Debug|Any CPU
		{00309AF9-A0A8-45C1-AD5D-02C22DA8FCA3}.Debug|Any CPU.Build.0 = Debug|Any CPU
		{00309AF9-A0A8-45C1-AD5D-02C22DA8FCA3}.Release|Any CPU.ActiveCfg = Release|Any CPU
		{00309AF9-A0A8-45C1-AD5D-02C22DA8FCA3}.Release|Any CPU.Build.0 = Release|Any CPU
	EndGlobalSection
	GlobalSection(SolutionProperties) = preSolution
		HideSolutionNode = FALSE
	EndGlobalSection
	GlobalSection(ExtensibilityGlobals) = postSolution
		SolutionGuid = {2CF060A0-1325-4BDC-9A14-B1F2181542BD}
	EndGlobalSection
EndGlobal
